<Solution>
  <Configurations>
    <Platform Name="x64" />
    <Platform Name="x86" />
  </Configurations>
  <Project Path="hello/hello.vcxproj" Id="e6466639-da77-4d90-8da2-1607277b4ed8" />
  <Project Path="piramide.cpp/piramide.cpp.vcxproj" Id="93d45bea-99a6-45cf-9973-ac5979e9c59d" />
  <Project Path="posneg/posneg.vcxproj" Id="7d3d4d6a-64b8-4b7d-9793-3dcac3bf442d" />
  <Project Path="votos/votos.vcxproj" Id="86f7b2b6-9cef-4bd7-a7f8-655d9ada6c6c" />
  <Project Path="zap/zap.vcxproj" Id="60cf7ab3-3007-4926-9df8-4ba9c1e2c8be" />
</Solution>
